{
  "name": "helix-service",
  "version": "1.0.0",
  "lockfileVersion": 1,
  "requires": true,
  "dependencies": {
    "jwt-decode": {
      "version": "3.1.1",
      "resolved": "https://registry.npmjs.org/jwt-decode/-/jwt-decode-3.1.1.tgz",
      "integrity": "sha512-EaH9dTD9ogCmxZRdiTsIUIJslqjoFfk8nEAi+Bq8u/aUjrVuhZ6eZjhWRH6SC9NBA0Lwr3K35H2zDnWvK/n4vQ=="
    }
  }
}
