# THIS IS AN AUTOGENERATED FILE. DO NOT EDIT THIS FILE DIRECTLY.
# yarn lockfile v1


jwt-decode@^3.1.1:
  version "3.1.1"
  resolved "https://registry.yarnpkg.com/jwt-decode/-/jwt-decode-3.1.1.tgz#526710779567c380910139f790da2910c529e49f"
  integrity sha512-EaH9dTD9ogCmxZRdiTsIUIJslqjoFfk8nEAi+Bq8u/aUjrVuhZ6eZjhWRH6SC9NBA0Lwr3K35H2zDnWvK/n4vQ==
